
Microsoft Visual Studio Solution File, Format Version 12.00
# Visual Studio Version 17
VisualStudioVersion = 17.12.35527.113 d17.12
MinimumVisualStudioVersion = 10.0.40219.1
Project("{FAE04EC0-301F-11D3-BF4B-00C04F79EFBC}") = "BlazorApp1.web", "BlazorApp1\BlazorApp1.web.csproj", "{06715928-24BD-4C26-842F-FC6B4D55662E}"
EndProject
Project("{FAE04EC0-301F-11D3-BF4B-00C04F79EFBC}") = "BlazorApp1.Tests", "TestProject1\BlazorApp1.Tests.csproj", "{EB3D7A0D-EC31-4BFB-A92B-8330F22632F6}"
EndProject
Global
	GlobalSection(SolutionConfigurationPlatforms) = preSolution
		Debug|Any CPU = Debug|Any CPU
		Release|Any CPU = Release|Any CPU
	EndGlobalSection
	GlobalSection(ProjectConfigurationPlatforms) = postSolution
		{06715928-24BD-4C26-842F-FC6B4D55662E}.Debug|Any CPU.ActiveCfg = Debug|Any CPU
		{06715928-24BD-4C26-842F-FC6B4D55662E}.Debug|Any CPU.Build.0 = Debug|Any CPU
		{06715928-24BD-4C26-842F-FC6B4D55662E}.Release|Any CPU.ActiveCfg = Release|Any CPU
		{06715928-24BD-4C26-842F-FC6B4D55662E}.Release|Any CPU.Build.0 = Release|Any CPU
		{EB3D7A0D-EC31-4BFB-A92B-8330F22632F6}.Debug|Any CPU.ActiveCfg = Debug|Any CPU
		{EB3D7A0D-EC31-4BFB-A92B-8330F22632F6}.Debug|Any CPU.Build.0 = Debug|Any CPU
		{EB3D7A0D-EC31-4BFB-A92B-8330F22632F6}.Release|Any CPU.ActiveCfg = Release|Any CPU
		{EB3D7A0D-EC31-4BFB-A92B-8330F22632F6}.Release|Any CPU.Build.0 = Release|Any CPU
	EndGlobalSection
	GlobalSection(SolutionProperties) = preSolution
		HideSolutionNode = FALSE
	EndGlobalSection
EndGlobal
